// !$*UTF8*$!
{
	archiveVersion = 1;
	classes = {
	};
	objectVersion = 55;
	objects = {

/* Begin PBXBuildFile section */
		5841D1882728196C001C142F /* timerAppWatchOS WatchKit App.app in Embed Watch Content */ = {isa = PBXBuildFile; fileRef = 5841D1872728196C001C142F /* timerAppWatchOS WatchKit App.app */; settings = {ATTRIBUTES = (RemoveHeadersOnCopy, ); }; };
		5841D18D2728196D001C142F /* Assets.xcassets in Resources */ = {isa = PBXBuildFile; fileRef = 5841D18C2728196D001C142F /* Assets.xcassets */; };
		5841D1932728196D001C142F /* timerAppWatchOS WatchKit Extension.appex in Embed App Extensions */ = {isa = PBXBuildFile; fileRef = 5841D1922728196D001C142F /* timerAppWatchOS WatchKit Extension.appex */; settings = {ATTRIBUTES = (RemoveHeadersOnCopy, ); }; };
		5841D1982728196D001C142F /* timerAppWatchOSApp.swift in Sources */ = {isa = PBXBuildFile; fileRef = 5841D1972728196D001C142F /* timerAppWatchOSApp.swift */; };
		5841D19A2728196D001C142F /* ContentView.swift in Sources */ = {isa = PBXBuildFile; fileRef = 5841D1992728196D001C142F /* ContentView.swift */; };
		5841D19C2728196D001C142F /* NotificationController.swift in Sources */ = {isa = PBXBuildFile; fileRef = 5841D19B2728196D001C142F /* NotificationController.swift */; };
		5841D19E2728196D001C142F /* NotificationView.swift in Sources */ = {isa = PBXBuildFile; fileRef = 5841D19D2728196D001C142F /* NotificationView.swift */; };
		5841D1A02728196D001C142F /* ComplicationController.swift in Sources */ = {isa = PBXBuildFile; fileRef = 5841D19F2728196D001C142F /* ComplicationController.swift */; };
		5841D1A22728196E001C142F /* Assets.xcassets in Resources */ = {isa = PBXBuildFile; fileRef = 5841D1A12728196E001C142F /* Assets.xcassets */; };
		5841D1A52728196E001C142F /* Preview Assets.xcassets in Resources */ = {isa = PBXBuildFile; fileRef = 5841D1A42728196E001C142F /* Preview Assets.xcassets */; };
/* End PBXBuildFile section */

/* Begin PBXContainerItemProxy section */
		5841D1892728196C001C142F /* PBXContainerItemProxy */ = {
			isa = PBXContainerItemProxy;
			containerPortal = 5841D17D2728196C001C142F /* Project object */;
			proxyType = 1;
			remoteGlobalIDString = 5841D1862728196C001C142F;
			remoteInfo = "timerAppWatchOS WatchKit App";
		};
		5841D1942728196D001C142F /* PBXContainerItemProxy */ = {
			isa = PBXContainerItemProxy;
			containerPortal = 5841D17D2728196C001C142F /* Project object */;
			proxyType = 1;
			remoteGlobalIDString = 5841D1912728196D001C142F;
			remoteInfo = "timerAppWatchOS WatchKit Extension";
		};
/* End PBXContainerItemProxy section */

/* Begin PBXCopyFilesBuildPhase section */
		5841D1AD2728196E001C142F /* Embed App Extensions */ = {
			isa = PBXCopyFilesBuildPhase;
			buildActionMask = 2147483647;
			dstPath = "";
			dstSubfolderSpec = 13;
			files = (
				5841D1932728196D001C142F /* timerAppWatchOS WatchKit Extension.appex in Embed App Extensions */,
			);
			name = "Embed App Extensions";
			runOnlyForDeploymentPostprocessing = 0;
		};
		5841D1B12728196E001C142F /* Embed Watch Content */ = {
			isa = PBXCopyFilesBuildPhase;
			buildActionMask = 2147483647;
			dstPath = "$(CONTENTS_FOLDER_PATH)/Watch";
			dstSubfolderSpec = 16;
			files = (
				5841D1882728196C001C142F /* timerAppWatchOS WatchKit App.app in Embed Watch Content */,
			);
			name = "Embed Watch Content";
			runOnlyForDeploymentPostprocessing = 0;
		};
/* End PBXCopyFilesBuildPhase section */

/* Begin PBXFileReference section */
		5841D1832728196C001C142F /* timerAppWatchOS.app */ = {isa = PBXFileReference; explicitFileType = wrapper.application; includeInIndex = 0; path = timerAppWatchOS.app; sourceTree = BUILT_PRODUCTS_DIR; };
		5841D1872728196C001C142F /* timerAppWatchOS WatchKit App.app */ = {isa = PBXFileReference; explicitFileType = wrapper.application; includeInIndex = 0; path = "timerAppWatchOS WatchKit App.app"; sourceTree = BUILT_PRODUCTS_DIR; };
		5841D18C2728196D001C142F /* Assets.xcassets */ = {isa = PBXFileReference; lastKnownFileType = folder.assetcatalog; path = Assets.xcassets; sourceTree = "<group>"; };
		5841D1922728196D001C142F /* timerAppWatchOS WatchKit Extension.appex */ = {isa = PBXFileReference; explicitFileType = "wrapper.app-extension"; includeInIndex = 0; path = "timerAppWatchOS WatchKit Extension.appex"; sourceTree = BUILT_PRODUCTS_DIR; };
		5841D1972728196D001C142F /* timerAppWatchOSApp.swift */ = {isa = PBXFileReference; lastKnownFileType = sourcecode.swift; path = timerAppWatchOSApp.swift; sourceTree = "<group>"; };
		5841D1992728196D001C142F /* ContentView.swift */ = {isa = PBXFileReference; lastKnownFileType = sourcecode.swift; path = ContentView.swift; sourceTree = "<group>"; };
		5841D19B2728196D001C142F /* NotificationController.swift */ = {isa = PBXFileReference; lastKnownFileType = sourcecode.swift; path = NotificationController.swift; sourceTree = "<group>"; };
		5841D19D2728196D001C142F /* NotificationView.swift */ = {isa = PBXFileReference; lastKnownFileType = sourcecode.swift; path = NotificationView.swift; sourceTree = "<group>"; };
		5841D19F2728196D001C142F /* ComplicationController.swift */ = {isa = PBXFileReference; lastKnownFileType = sourcecode.swift; path = ComplicationController.swift; sourceTree = "<group>"; };
		5841D1A12728196E001C142F /* Assets.xcassets */ = {isa = PBXFileReference; lastKnownFileType = folder.assetcatalog; path = Assets.xcassets; sourceTree = "<group>"; };
		5841D1A42728196E001C142F /* Preview Assets.xcassets */ = {isa = PBXFileReference; lastKnownFileType = folder.assetcatalog; path = "Preview Assets.xcassets"; sourceTree = "<group>"; };
		5841D1A62728196E001C142F /* Info.plist */ = {isa = PBXFileReference; lastKnownFileType = text.plist.xml; path = Info.plist; sourceTree = "<group>"; };
		5841D1A72728196E001C142F /* PushNotificationPayload.apns */ = {isa = PBXFileReference; lastKnownFileType = text; path = PushNotificationPayload.apns; sourceTree = "<group>"; };
/* End PBXFileReference section */

/* Begin PBXFrameworksBuildPhase section */
		5841D18F2728196D001C142F /* Frameworks */ = {
			isa = PBXFrameworksBuildPhase;
			buildActionMask = 2147483647;
			files = (
			);
			runOnlyForDeploymentPostprocessing = 0;
		};
/* End PBXFrameworksBuildPhase section */

/* Begin PBXGroup section */
		5841D17C2728196C001C142F = {
			isa = PBXGroup;
			children = (
				5841D18B2728196C001C142F /* timerAppWatchOS WatchKit App */,
				5841D1962728196D001C142F /* timerAppWatchOS WatchKit Extension */,
				5841D1842728196C001C142F /* Products */,
			);
			sourceTree = "<group>";
		};
		5841D1842728196C001C142F /* Products */ = {
			isa = PBXGroup;
			children = (
				5841D1832728196C001C142F /* timerAppWatchOS.app */,
				5841D1872728196C001C142F /* timerAppWatchOS WatchKit App.app */,
				5841D1922728196D001C142F /* timerAppWatchOS WatchKit Extension.appex */,
			);
			name = Products;
			sourceTree = "<group>";
		};
		5841D18B2728196C001C142F /* timerAppWatchOS WatchKit App */ = {
			isa = PBXGroup;
			children = (
				5841D18C2728196D001C142F /* Assets.xcassets */,
			);
			path = "timerAppWatchOS WatchKit App";
			sourceTree = "<group>";
		};
		5841D1962728196D001C142F /* timerAppWatchOS WatchKit Extension */ = {
			isa = PBXGroup;
			children = (
				5841D1972728196D001C142F /* timerAppWatchOSApp.swift */,
				5841D1992728196D001C142F /* ContentView.swift */,
				5841D19B2728196D001C142F /* NotificationController.swift */,
				5841D19D2728196D001C142F /* NotificationView.swift */,
				5841D19F2728196D001C142F /* ComplicationController.swift */,
				5841D1A12728196E001C142F /* Assets.xcassets */,
				5841D1A62728196E001C142F /* Info.plist */,
				5841D1A72728196E001C142F /* PushNotificationPayload.apns */,
				5841D1A32728196E001C142F /* Preview Content */,
			);
			path = "timerAppWatchOS WatchKit Extension";
			sourceTree = "<group>";
		};
		5841D1A32728196E001C142F /* Preview Content */ = {
			isa = PBXGroup;
			children = (
				5841D1A42728196E001C142F /* Preview Assets.xcassets */,
			);
			path = "Preview Content";
			sourceTree = "<group>";
		};
/* End PBXGroup section */

/* Begin PBXNativeTarget section */
		5841D1822728196C001C142F /* timerAppWatchOS */ = {
			isa = PBXNativeTarget;
			buildConfigurationList = 5841D1B22728196E001C142F /* Build configuration list for PBXNativeTarget "timerAppWatchOS" */;
			buildPhases = (
				5841D1812728196C001C142F /* Resources */,
				5841D1B12728196E001C142F /* Embed Watch Content */,
			);
			buildRules = (
			);
			dependencies = (
				5841D18A2728196C001C142F /* PBXTargetDependency */,
			);
			name = timerAppWatchOS;
			productName = timerAppWatchOS;
			productReference = 5841D1832728196C001C142F /* timerAppWatchOS.app */;
			productType = "com.apple.product-type.application.watchapp2-container";
		};
		5841D1862728196C001C142F /* timerAppWatchOS WatchKit App */ = {
			isa = PBXNativeTarget;
			buildConfigurationList = 5841D1AE2728196E001C142F /* Build configuration list for PBXNativeTarget "timerAppWatchOS WatchKit App" */;
			buildPhases = (
				5841D1852728196C001C142F /* Resources */,
				5841D1AD2728196E001C142F /* Embed App Extensions */,
			);
			buildRules = (
			);
			dependencies = (
				5841D1952728196D001C142F /* PBXTargetDependency */,
			);
			name = "timerAppWatchOS WatchKit App";
			productName = "timerAppWatchOS WatchKit App";
			productReference = 5841D1872728196C001C142F /* timerAppWatchOS WatchKit App.app */;
			productType = "com.apple.product-type.application.watchapp2";
		};
		5841D1912728196D001C142F /* timerAppWatchOS WatchKit Extension */ = {
			isa = PBXNativeTarget;
			buildConfigurationList = 5841D1AA2728196E001C142F /* Build configuration list for PBXNativeTarget "timerAppWatchOS WatchKit Extension" */;
			buildPhases = (
				5841D18E2728196D001C142F /* Sources */,
				5841D18F2728196D001C142F /* Frameworks */,
				5841D1902728196D001C142F /* Resources */,
			);
			buildRules = (
			);
			dependencies = (
			);
			name = "timerAppWatchOS WatchKit Extension";
			productName = "timerAppWatchOS WatchKit Extension";
			productReference = 5841D1922728196D001C142F /* timerAppWatchOS WatchKit Extension.appex */;
			productType = "com.apple.product-type.watchkit2-extension";
		};
/* End PBXNativeTarget section */

/* Begin PBXProject section */
		5841D17D2728196C001C142F /* Project object */ = {
			isa = PBXProject;
			attributes = {
				BuildIndependentTargetsInParallel = 1;
				LastSwiftUpdateCheck = 1300;
				LastUpgradeCheck = 1300;
				TargetAttributes = {
					5841D1822728196C001C142F = {
						CreatedOnToolsVersion = 13.0;
					};
					5841D1862728196C001C142F = {
						CreatedOnToolsVersion = 13.0;
					};
					5841D1912728196D001C142F = {
						CreatedOnToolsVersion = 13.0;
					};
				};
			};
			buildConfigurationList = 5841D1802728196C001C142F /* Build configuration list for PBXProject "timerAppWatchOS" */;
			compatibilityVersion = "Xcode 13.0";
			developmentRegion = en;
			hasScannedForEncodings = 0;
			knownRegions = (
				en,
				Base,
			);
			mainGroup = 5841D17C2728196C001C142F;
			productRefGroup = 5841D1842728196C001C142F /* Products */;
			projectDirPath = "";
			projectRoot = "";
			targets = (
				5841D1822728196C001C142F /* timerAppWatchOS */,
				5841D1862728196C001C142F /* timerAppWatchOS WatchKit App */,
				5841D1912728196D001C142F /* timerAppWatchOS WatchKit Extension */,
			);
		};
/* End PBXProject section */

/* Begin PBXResourcesBuildPhase section */
		5841D1812728196C001C142F /* Resources */ = {
			isa = PBXResourcesBuildPhase;
			buildActionMask = 2147483647;
			files = (
			);
			runOnlyForDeploymentPostprocessing = 0;
		};
		5841D1852728196C001C142F /* Resources */ = {
			isa = PBXResourcesBuildPhase;
			buildActionMask = 2147483647;
			files = (
				5841D18D2728196D001C142F /* Assets.xcassets in Resources */,
			);
			runOnlyForDeploymentPostprocessing = 0;
		};
		5841D1902728196D001C142F /* Resources */ = {
			isa = PBXResourcesBuildPhase;
			buildActionMask = 2147483647;
			files = (
				5841D1A52728196E001C142F /* Preview Assets.xcassets in Resources */,
				5841D1A22728196E001C142F /* Assets.xcassets in Resources */,
			);
			runOnlyForDeploymentPostprocessing = 0;
		};
/* End PBXResourcesBuildPhase section */

/* Begin PBXSourcesBuildPhase section */
		5841D18E2728196D001C142F /* Sources */ = {
			isa = PBXSourcesBuildPhase;
			buildActionMask = 2147483647;
			files = (
				5841D19C2728196D001C142F /* NotificationController.swift in Sources */,
				5841D19A2728196D001C142F /* ContentView.swift in Sources */,
				5841D1A02728196D001C142F /* ComplicationController.swift in Sources */,
				5841D1982728196D001C142F /* timerAppWatchOSApp.swift in Sources */,
				5841D19E2728196D001C142F /* NotificationView.swift in Sources */,
			);
			runOnlyForDeploymentPostprocessing = 0;
		};
/* End PBXSourcesBuildPhase section */

/* Begin PBXTargetDependency section */
		5841D18A2728196C001C142F /* PBXTargetDependency */ = {
			isa = PBXTargetDependency;
			target = 5841D1862728196C001C142F /* timerAppWatchOS WatchKit App */;
			targetProxy = 5841D1892728196C001C142F /* PBXContainerItemProxy */;
		};
		5841D1952728196D001C142F /* PBXTargetDependency */ = {
			isa = PBXTargetDependency;
			target = 5841D1912728196D001C142F /* timerAppWatchOS WatchKit Extension */;
			targetProxy = 5841D1942728196D001C142F /* PBXContainerItemProxy */;
		};
/* End PBXTargetDependency section */

/* Begin XCBuildConfiguration section */
		5841D1A82728196E001C142F /* Debug */ = {
			isa = XCBuildConfiguration;
			buildSettings = {
				ALWAYS_SEARCH_USER_PATHS = NO;
				CLANG_ANALYZER_NONNULL = YES;
				CLANG_ANALYZER_NUMBER_OBJECT_CONVERSION = YES_AGGRESSIVE;
				CLANG_CXX_LANGUAGE_STANDARD = "gnu++17";
				CLANG_CXX_LIBRARY = "libc++";
				CLANG_ENABLE_MODULES = YES;
				CLANG_ENABLE_OBJC_ARC = YES;
				CLANG_ENABLE_OBJC_WEAK = YES;
				CLANG_WARN_BLOCK_CAPTURE_AUTORELEASING = YES;
				CLANG_WARN_BOOL_CONVERSION = YES;
				CLANG_WARN_COMMA = YES;
				CLANG_WARN_CONSTANT_CONVERSION = YES;
				CLANG_WARN_DEPRECATED_OBJC_IMPLEMENTATIONS = YES;
				CLANG_WARN_DIRECT_OBJC_ISA_USAGE = YES_ERROR;
				CLANG_WARN_DOCUMENTATION_COMMENTS = YES;
				CLANG_WARN_EMPTY_BODY = YES;
				CLANG_WARN_ENUM_CONVERSION = YES;
				CLANG_WARN_INFINITE_RECURSION = YES;
				CLANG_WARN_INT_CONVERSION = YES;
				CLANG_WARN_NON_LITERAL_NULL_CONVERSION = YES;
				CLANG_WARN_OBJC_IMPLICIT_RETAIN_SELF = YES;
				CLANG_WARN_OBJC_LITERAL_CONVERSION = YES;
				CLANG_WARN_OBJC_ROOT_CLASS = YES_ERROR;
				CLANG_WARN_QUOTED_INCLUDE_IN_FRAMEWORK_HEADER = YES;
				CLANG_WARN_RANGE_LOOP_ANALYSIS = YES;
				CLANG_WARN_STRICT_PROTOTYPES = YES;
				CLANG_WARN_SUSPICIOUS_MOVE = YES;
				CLANG_WARN_UNGUARDED_AVAILABILITY = YES_AGGRESSIVE;
				CLANG_WARN_UNREACHABLE_CODE = YES;
				CLANG_WARN__DUPLICATE_METHOD_MATCH = YES;
				COPY_PHASE_STRIP = NO;
				DEBUG_INFORMATION_FORMAT = dwarf;
				ENABLE_STRICT_OBJC_MSGSEND = YES;
				ENABLE_TESTABILITY = YES;
				GCC_C_LANGUAGE_STANDARD = gnu11;
				GCC_DYNAMIC_NO_PIC = NO;
				GCC_NO_COMMON_BLOCKS = YES;
				GCC_OPTIMIZATION_LEVEL = 0;
				GCC_PREPROCESSOR_DEFINITIONS = (
					"DEBUG=1",
					"$(inherited)",
				);
				GCC_WARN_64_TO_32_BIT_CONVERSION = YES;
				GCC_WARN_ABOUT_RETURN_TYPE = YES_ERROR;
				GCC_WARN_UNDECLARED_SELECTOR = YES;
				GCC_WARN_UNINITIALIZED_AUTOS = YES_AGGRESSIVE;
				GCC_WARN_UNUSED_FUNCTION = YES;
				GCC_WARN_UNUSED_VARIABLE = YES;
				MTL_ENABLE_DEBUG_INFO = INCLUDE_SOURCE;
				MTL_FAST_MATH = YES;
				ONLY_ACTIVE_ARCH = YES;
				SDKROOT = iphoneos;
				SWIFT_ACTIVE_COMPILATION_CONDITIONS = DEBUG;
				SWIFT_OPTIMIZATION_LEVEL = "-Onone";
			};
			name = Debug;
		};
		5841D1A92728196E001C142F /* Release */ = {
			isa = XCBuildConfiguration;
			buildSettings = {
				ALWAYS_SEARCH_USER_PATHS = NO;
				CLANG_ANALYZER_NONNULL = YES;
				CLANG_ANALYZER_NUMBER_OBJECT_CONVERSION = YES_AGGRESSIVE;
				CLANG_CXX_LANGUAGE_STANDARD = "gnu++17";
				CLANG_CXX_LIBRARY = "libc++";
				CLANG_ENABLE_MODULES = YES;
				CLANG_ENABLE_OBJC_ARC = YES;
				CLANG_ENABLE_OBJC_WEAK = YES;
				CLANG_WARN_BLOCK_CAPTURE_AUTORELEASING = YES;
				CLANG_WARN_BOOL_CONVERSION = YES;
				CLANG_WARN_COMMA = YES;
				CLANG_WARN_CONSTANT_CONVERSION = YES;
				CLANG_WARN_DEPRECATED_OBJC_IMPLEMENTATIONS = YES;
				CLANG_WARN_DIRECT_OBJC_ISA_USAGE = YES_ERROR;
				CLANG_WARN_DOCUMENTATION_COMMENTS = YES;
				CLANG_WARN_EMPTY_BODY = YES;
				CLANG_WARN_ENUM_CONVERSION = YES;
				CLANG_WARN_INFINITE_RECURSION = YES;
				CLANG_WARN_INT_CONVERSION = YES;
				CLANG_WARN_NON_LITERAL_NULL_CONVERSION = YES;
				CLANG_WARN_OBJC_IMPLICIT_RETAIN_SELF = YES;
				CLANG_WARN_OBJC_LITERAL_CONVERSION = YES;
				CLANG_WARN_OBJC_ROOT_CLASS = YES_ERROR;
				CLANG_WARN_QUOTED_INCLUDE_IN_FRAMEWORK_HEADER = YES;
				CLANG_WARN_RANGE_LOOP_ANALYSIS = YES;
				CLANG_WARN_STRICT_PROTOTYPES = YES;
				CLANG_WARN_SUSPICIOUS_MOVE = YES;
				CLANG_WARN_UNGUARDED_AVAILABILITY = YES_AGGRESSIVE;
				CLANG_WARN_UNREACHABLE_CODE = YES;
				CLANG_WARN__DUPLICATE_METHOD_MATCH = YES;
				COPY_PHASE_STRIP = NO;
				DEBUG_INFORMATION_FORMAT = "dwarf-with-dsym";
				ENABLE_NS_ASSERTIONS = NO;
				ENABLE_STRICT_OBJC_MSGSEND = YES;
				GCC_C_LANGUAGE_STANDARD = gnu11;
				GCC_NO_COMMON_BLOCKS = YES;
				GCC_WARN_64_TO_32_BIT_CONVERSION = YES;
				GCC_WARN_ABOUT_RETURN_TYPE = YES_ERROR;
				GCC_WARN_UNDECLARED_SELECTOR = YES;
				GCC_WARN_UNINITIALIZED_AUTOS = YES_AGGRESSIVE;
				GCC_WARN_UNUSED_FUNCTION = YES;
				GCC_WARN_UNUSED_VARIABLE = YES;
				MTL_ENABLE_DEBUG_INFO = NO;
				MTL_FAST_MATH = YES;
				SDKROOT = iphoneos;
				SWIFT_COMPILATION_MODE = wholemodule;
				SWIFT_OPTIMIZATION_LEVEL = "-O";
				VALIDATE_PRODUCT = YES;
			};
			name = Release;
		};
		5841D1AB2728196E001C142F /* Debug */ = {
			isa = XCBuildConfiguration;
			buildSettings = {
				ASSETCATALOG_COMPILER_COMPLICATION_NAME = Complication;
				CODE_SIGN_STYLE = Automatic;
				CURRENT_PROJECT_VERSION = 1;
				DEVELOPMENT_ASSET_PATHS = "\"timerAppWatchOS WatchKit Extension/Preview Content\"";
				ENABLE_PREVIEWS = YES;
				GENERATE_INFOPLIST_FILE = YES;
				INFOPLIST_FILE = "timerAppWatchOS WatchKit Extension/Info.plist";
				INFOPLIST_KEY_CFBundleDisplayName = "timerAppWatchOS WatchKit Extension";
				INFOPLIST_KEY_CLKComplicationPrincipalClass = "$(PRODUCT_MODULE_NAME).ComplicationController";
				INFOPLIST_KEY_NSHumanReadableCopyright = "";
				INFOPLIST_KEY_WKWatchOnly = YES;
				LD_RUNPATH_SEARCH_PATHS = (
					"$(inherited)",
					"@executable_path/Frameworks",
					"@executable_path/../../Frameworks",
				);
				MARKETING_VERSION = 1.0;
				PRODUCT_BUNDLE_IDENTIFIER = test.timerAppWatchOS.watchkitapp.watchkitextension;
				PRODUCT_NAME = "${TARGET_NAME}";
				SDKROOT = watchos;
				SKIP_INSTALL = YES;
				SWIFT_EMIT_LOC_STRINGS = YES;
				SWIFT_VERSION = 5.0;
				TARGETED_DEVICE_FAMILY = 4;
				WATCHOS_DEPLOYMENT_TARGET = 8.0;
			};
			name = Debug;
		};
		5841D1AC2728196E001C142F /* Release */ = {
			isa = XCBuildConfiguration;
			buildSettings = {
				ASSETCATALOG_COMPILER_COMPLICATION_NAME = Complication;
				CODE_SIGN_STYLE = Automatic;
				CURRENT_PROJECT_VERSION = 1;
				DEVELOPMENT_ASSET_PATHS = "\"timerAppWatchOS WatchKit Extension/Preview Content\"";
				ENABLE_PREVIEWS = YES;
				GENERATE_INFOPLIST_FILE = YES;
				INFOPLIST_FILE = "timerAppWatchOS WatchKit Extension/Info.plist";
				INFOPLIST_KEY_CFBundleDisplayName = "timerAppWatchOS WatchKit Extension";
				INFOPLIST_KEY_CLKComplicationPrincipalClass = "$(PRODUCT_MODULE_NAME).ComplicationController";
				INFOPLIST_KEY_NSHumanReadableCopyright = "";
				INFOPLIST_KEY_WKWatchOnly = YES;
				LD_RUNPATH_SEARCH_PATHS = (
					"$(inherited)",
					"@executable_path/Frameworks",
					"@executable_path/../../Frameworks",
				);
				MARKETING_VERSION = 1.0;
				PRODUCT_BUNDLE_IDENTIFIER = test.timerAppWatchOS.watchkitapp.watchkitextension;
				PRODUCT_NAME = "${TARGET_NAME}";
				SDKROOT = watchos;
				SKIP_INSTALL = YES;
				SWIFT_EMIT_LOC_STRINGS = YES;
				SWIFT_VERSION = 5.0;
				TARGETED_DEVICE_FAMILY = 4;
				WATCHOS_DEPLOYMENT_TARGET = 8.0;
			};
			name = Release;
		};
		5841D1AF2728196E001C142F /* Debug */ = {
			isa = XCBuildConfiguration;
			buildSettings = {
				ALWAYS_EMBED_SWIFT_STANDARD_LIBRARIES = YES;
				ASSETCATALOG_COMPILER_APPICON_NAME = AppIcon;
				ASSETCATALOG_COMPILER_GLOBAL_ACCENT_COLOR_NAME = AccentColor;
				CODE_SIGN_STYLE = Automatic;
				CURRENT_PROJECT_VERSION = 1;
				GENERATE_INFOPLIST_FILE = YES;
				IBSC_MODULE = timerAppWatchOS_WatchKit_Extension;
				INFOPLIST_KEY_CFBundleDisplayName = "timerAppWatchOS WatchKit App";
				INFOPLIST_KEY_UISupportedInterfaceOrientations = "UIInterfaceOrientationPortrait UIInterfaceOrientationPortraitUpsideDown";
				MARKETING_VERSION = 1.0;
				PRODUCT_BUNDLE_IDENTIFIER = test.timerAppWatchOS.watchkitapp;
				PRODUCT_NAME = "$(TARGET_NAME)";
				SDKROOT = watchos;
				SKIP_INSTALL = YES;
				SWIFT_EMIT_LOC_STRINGS = YES;
				SWIFT_VERSION = 5.0;
				TARGETED_DEVICE_FAMILY = 4;
				WATCHOS_DEPLOYMENT_TARGET = 8.0;
			};
			name = Debug;
		};
		5841D1B02728196E001C142F /* Release */ = {
			isa = XCBuildConfiguration;
			buildSettings = {
				ALWAYS_EMBED_SWIFT_STANDARD_LIBRARIES = YES;
				ASSETCATALOG_COMPILER_APPICON_NAME = AppIcon;
				ASSETCATALOG_COMPILER_GLOBAL_ACCENT_COLOR_NAME = AccentColor;
				CODE_SIGN_STYLE = Automatic;
				CURRENT_PROJECT_VERSION = 1;
				GENERATE_INFOPLIST_FILE = YES;
				IBSC_MODULE = timerAppWatchOS_WatchKit_Extension;
				INFOPLIST_KEY_CFBundleDisplayName = "timerAppWatchOS WatchKit App";
				INFOPLIST_KEY_UISupportedInterfaceOrientations = "UIInterfaceOrientationPortrait UIInterfaceOrientationPortraitUpsideDown";
				MARKETING_VERSION = 1.0;
				PRODUCT_BUNDLE_IDENTIFIER = test.timerAppWatchOS.watchkitapp;
				PRODUCT_NAME = "$(TARGET_NAME)";
				SDKROOT = watchos;
				SKIP_INSTALL = YES;
				SWIFT_EMIT_LOC_STRINGS = YES;
				SWIFT_VERSION = 5.0;
				TARGETED_DEVICE_FAMILY = 4;
				WATCHOS_DEPLOYMENT_TARGET = 8.0;
			};
			name = Release;
		};
		5841D1B32728196E001C142F /* Debug */ = {
			isa = XCBuildConfiguration;
			buildSettings = {
				CODE_SIGN_STYLE = Automatic;
				CURRENT_PROJECT_VERSION = 1;
				MARKETING_VERSION = 1.0;
				PRODUCT_BUNDLE_IDENTIFIER = test.timerAppWatchOS;
				PRODUCT_NAME = "$(TARGET_NAME)";
				SWIFT_VERSION = 5.0;
			};
			name = Debug;
		};
		5841D1B42728196E001C142F /* Release */ = {
			isa = XCBuildConfiguration;
			buildSettings = {
				CODE_SIGN_STYLE = Automatic;
				CURRENT_PROJECT_VERSION = 1;
				MARKETING_VERSION = 1.0;
				PRODUCT_BUNDLE_IDENTIFIER = test.timerAppWatchOS;
				PRODUCT_NAME = "$(TARGET_NAME)";
				SWIFT_VERSION = 5.0;
			};
			name = Release;
		};
/* End XCBuildConfiguration section */

/* Begin XCConfigurationList section */
		5841D1802728196C001C142F /* Build configuration list for PBXProject "timerAppWatchOS" */ = {
			isa = XCConfigurationList;
			buildConfigurations = (
				5841D1A82728196E001C142F /* Debug */,
				5841D1A92728196E001C142F /* Release */,
			);
			defaultConfigurationIsVisible = 0;
			defaultConfigurationName = Release;
		};
		5841D1AA2728196E001C142F /* Build configuration list for PBXNativeTarget "timerAppWatchOS WatchKit Extension" */ = {
			isa = XCConfigurationList;
			buildConfigurations = (
				5841D1AB2728196E001C142F /* Debug */,
				5841D1AC2728196E001C142F /* Release */,
			);
			defaultConfigurationIsVisible = 0;
			defaultConfigurationName = Release;
		};
		5841D1AE2728196E001C142F /* Build configuration list for PBXNativeTarget "timerAppWatchOS WatchKit App" */ = {
			isa = XCConfigurationList;
			buildConfigurations = (
				5841D1AF2728196E001C142F /* Debug */,
				5841D1B02728196E001C142F /* Release */,
			);
			defaultConfigurationIsVisible = 0;
			defaultConfigurationName = Release;
		};
		5841D1B22728196E001C142F /* Build configuration list for PBXNativeTarget "timerAppWatchOS" */ = {
			isa = XCConfigurationList;
			buildConfigurations = (
				5841D1B32728196E001C142F /* Debug */,
				5841D1B42728196E001C142F /* Release */,
			);
			defaultConfigurationIsVisible = 0;
			defaultConfigurationName = Release;
		};
/* End XCConfigurationList section */
	};
	rootObject = 5841D17D2728196C001C142F /* Project object */;
}
